
Microsoft Visual Studio Solution File, Format Version 12.00
# Visual Studio Version 16
VisualStudioVersion = 16.0.30503.244
MinimumVisualStudioVersion = 10.0.40219.1
Project("{FAE04EC0-301F-11D3-BF4B-00C04F79EFBC}") = "ConsolePonBook", "ConsolePonBook\ConsolePonBook.csproj", "{79A0D009-812A-4689-95D3-389EAC96538A}"
EndProject
Global
	GlobalSection(SolutionConfigurationPlatforms) = preSolution
		Debug|Any CPU = Debug|Any CPU
		Release|Any CPU = Release|Any CPU
	EndGlobalSection
	GlobalSection(ProjectConfigurationPlatforms) = postSolution
		{79A0D009-812A-4689-95D3-389EAC96538A}.Debug|Any CPU.ActiveCfg = Debug|Any CPU
		{79A0D009-812A-4689-95D3-389EAC96538A}.Debug|Any CPU.Build.0 = Debug|Any CPU
		{79A0D009-812A-4689-95D3-389EAC96538A}.Release|Any CPU.ActiveCfg = Release|Any CPU
		{79A0D009-812A-4689-95D3-389EAC96538A}.Release|Any CPU.Build.0 = Release|Any CPU
	EndGlobalSection
	GlobalSection(SolutionProperties) = preSolution
		HideSolutionNode = FALSE
	EndGlobalSection
	GlobalSection(ExtensibilityGlobals) = postSolution
		SolutionGuid = {6890E12F-D350-493F-B63E-4D8D4A0C0CEE}
	EndGlobalSection
EndGlobal
